<?xml version="1.0" encoding="utf-8"?>
<Project ToolsVersion="4.0" xmlns="http://schemas.microsoft.com/developer/msbuild/2003">
  <ItemGroup>
    <Filter Include="Source Files">
      <UniqueIdentifier>{4FC737F1-C7A5-4376-A066-2A32D752A2FF}</UniqueIdentifier>
      <Extensions>cpp;c;cc;cxx;def;odl;idl;hpj;bat;asm;asmx</Extensions>
    </Filter>
    <Filter Include="Header Files">
      <UniqueIdentifier>{93995380-89BD-4b04-88EB-625FBE52EBFB}</UniqueIdentifier>
      <Extensions>h;hh;hpp;hxx;hm;inl;inc;xsd</Extensions>
    </Filter>
    <Filter Include="Resource Files">
      <UniqueIdentifier>{67DA6AB6-F800-4c08-8B7A-83BB121AAD01}</UniqueIdentifier>
      <Extensions>rc;ico;cur;bmp;dlg;rc2;rct;bin;rgs;gif;jpg;jpeg;jpe;resx;tiff;tif;png;wav;mfcribbon-ms</Extensions>
    </Filter>
    <Filter Include="Source Files\win32">
      <UniqueIdentifier>{acf4d319-c4c9-465d-88bc-a3c67a173974}</UniqueIdentifier>
    </Filter>
    <Filter Include="Header Files\win32">
      <UniqueIdentifier>{1e2dbb42-9d0b-4880-bf0b-8996cb557682}</UniqueIdentifier>
    </Filter>
  </ItemGroup>
  <ItemGroup>
    <ClCompile Include="Source\Game.cpp">
      <Filter>Source Files</Filter>
    </ClCompile>
    <ClCompile Include="Source\Logging.cpp">
      <Filter>Source Files</Filter>
    </ClCompile>
    <ClCompile Include="Source\Renderer.cpp">
      <Filter>Source Files</Filter>
    </ClCompile>
    <ClCompile Include="Source\win32\win32_input.cpp">
      <Filter>Source Files\win32</Filter>
    </ClCompile>
    <ClCompile Include="Source\win32\win32_main.cpp">
      <Filter>Source Files\win32</Filter>
    </ClCompile>
    <ClCompile Include="Source\win32\win32_renderer_opengl.cpp">
      <Filter>Source Files\win32</Filter>
    </ClCompile>
    <ClCompile Include="Source\win32\win32_timer.cpp">
      <Filter>Source Files\win32</Filter>
    </ClCompile>
    <ClCompile Include="Source\win32\win32_window.cpp">
      <Filter>Source Files\win32</Filter>
    </ClCompile>
  </ItemGroup>
  <ItemGroup>
    <ClInclude Include="Source\Game.h">
      <Filter>Header Files</Filter>
    </ClInclude>
    <ClInclude Include="Source\Logging.h">
      <Filter>Header Files</Filter>
    </ClInclude>
    <ClInclude Include="Source\MathBindings.h">
      <Filter>Header Files</Filter>
    </ClInclude>
    <ClInclude Include="Source\Renderer.h">
      <Filter>Header Files</Filter>
    </ClInclude>
    <ClInclude Include="Source\win32\win32.h">
      <Filter>Header Files\win32</Filter>
    </ClInclude>
    <ClInclude Include="Source\win32\win32_input.h">
      <Filter>Header Files\win32</Filter>
    </ClInclude>
    <ClInclude Include="Source\win32\win32_main.h">
      <Filter>Header Files\win32</Filter>
    </ClInclude>
    <ClInclude Include="Source\win32\win32_renderer_opengl.h">
      <Filter>Header Files\win32</Filter>
    </ClInclude>
    <ClInclude Include="Source\win32\win32_timer.h">
      <Filter>Header Files\win32</Filter>
    </ClInclude>
    <ClInclude Include="Source\win32\win32_window.h">
      <Filter>Header Files\win32</Filter>
    </ClInclude>
  </ItemGroup>
</Project>